
Microsoft Visual Studio Solution File, Format Version 12.00
# Visual Studio Version 17
VisualStudioVersion = 17.8.34511.84
MinimumVisualStudioVersion = 10.0.40219.1
Project("{FAE04EC0-301F-11D3-BF4B-00C04F79EFBC}") = "AssignmentDay7", "AssignmentDay7.csproj", "{E005FD53-D2D9-4C99-A753-46A710F4B4B6}"
EndProject
Global
	GlobalSection(SolutionConfigurationPlatforms) = preSolution
		Debug|Any CPU = Debug|Any CPU
		Release|Any CPU = Release|Any CPU
	EndGlobalSection
	GlobalSection(ProjectConfigurationPlatforms) = postSolution
		{E005FD53-D2D9-4C99-A753-46A710F4B4B6}.Debug|Any CPU.ActiveCfg = Debug|Any CPU
		{E005FD53-D2D9-4C99-A753-46A710F4B4B6}.Debug|Any CPU.Build.0 = Debug|Any CPU
		{E005FD53-D2D9-4C99-A753-46A710F4B4B6}.Release|Any CPU.ActiveCfg = Release|Any CPU
		{E005FD53-D2D9-4C99-A753-46A710F4B4B6}.Release|Any CPU.Build.0 = Release|Any CPU
	EndGlobalSection
	GlobalSection(SolutionProperties) = preSolution
		HideSolutionNode = FALSE
	EndGlobalSection
	GlobalSection(ExtensibilityGlobals) = postSolution
		SolutionGuid = {55DE639E-7E73-4702-9EF8-7EFF66442183}
	EndGlobalSection
EndGlobal
